# This file is automatically @generated by Cargo.
# It is not intended for manual editing.
[[package]]
name = "bootloader"
version = "0.9.11"
source = "registry+https://github.com/rust-lang/crates.io-index"
checksum = "83732ad599045a978528e4311539fdcb20c30e406b66d1d08cd4089d4fc8d90f"

[[package]]
name = "os"
version = "0.1.0"
dependencies = [
 "bootloader",
 "volatile",
]

[[package]]
name = "volatile"
version = "0.2.7"
source = "registry+https://github.com/rust-lang/crates.io-index"
checksum = "f6b06ad3ed06fef1713569d547cdbdb439eafed76341820fb0e0344f29a41945"
